
Microsoft Visual Studio Solution File, Format Version 12.00
# Visual Studio Version 17
VisualStudioVersion = 17.0.31903.59
MinimumVisualStudioVersion = 10.0.40219.1
Project("{2150E333-8FDC-42A3-9474-1A3956D46DE8}") = "src", "src", "{827E0CD3-B72D-47B6-A68D-7590B98EB39B}"
EndProject
Project("{FAE04EC0-301F-11D3-BF4B-00C04F79EFBC}") = "Aether.Atf.Core", "src\Aether.Atf.Core\Aether.Atf.Core.csproj", "{AB0A97F8-32BB-409C-827F-B82E1E6DDF3A}"
EndProject
Project("{FAE04EC0-301F-11D3-BF4B-00C04F79EFBC}") = "Aether.Atf.Commands", "src\Aether.Atf.Commands\Aether.Atf.Commands.csproj", "{9A6F98FA-BF2E-429C-BBE8-81803E3222FC}"
EndProject
Project("{FAE04EC0-301F-11D3-BF4B-00C04F79EFBC}") = "Aether.Atf.PropertyEditing", "src\Aether.Atf.PropertyEditing\Aether.Atf.PropertyEditing.csproj", "{03359C68-46DA-4BD8-BF48-0F819F13708B}"
EndProject
Project("{FAE04EC0-301F-11D3-BF4B-00C04F79EFBC}") = "Aether.Atf.DomGen", "src\Aether.Atf.DomGen\Aether.Atf.DomGen.csproj", "{03EED9DF-6C93-4450-9428-C62FECC533C6}"
EndProject
Project("{FAE04EC0-301F-11D3-BF4B-00C04F79EFBC}") = "Aether.Atf.DomGen.Cli", "src\Aether.Atf.DomGen.Cli\Aether.Atf.DomGen.Cli.csproj", "{ED7E4661-3361-4D52-A7F1-13261ADBF7F0}"
EndProject
Project("{2150E333-8FDC-42A3-9474-1A3956D46DE8}") = "tests", "tests", "{0AB3BF05-4346-4AA6-1389-037BE0695223}"
EndProject
Project("{FAE04EC0-301F-11D3-BF4B-00C04F79EFBC}") = "Aether.Atf.DomGen.Generated", "tests\Aether.Atf.DomGen.Generated\Aether.Atf.DomGen.Generated.csproj", "{FEB0D97F-C793-49D6-B183-7BD73A275ADA}"
EndProject
Project("{2150E333-8FDC-42A3-9474-1A3956D46DE8}") = "samples", "samples", "{5D20AA90-6969-D8BD-9DCD-8634F4692FDA}"
EndProject
Project("{2150E333-8FDC-42A3-9474-1A3956D46DE8}") = "UsingDom", "UsingDom", "{39A19E1F-1A19-7626-C54C-6DF18F3EDFB2}"
EndProject
Project("{FAE04EC0-301F-11D3-BF4B-00C04F79EFBC}") = "Aether.Samples.UsingDom", "samples\UsingDom\Aether.Samples.UsingDom.csproj", "{DED45F7D-FF6A-4E17-80F7-DD1914FB645E}"
EndProject
Global
	GlobalSection(SolutionConfigurationPlatforms) = preSolution
		Debug|Any CPU = Debug|Any CPU
		Debug|x64 = Debug|x64
		Debug|x86 = Debug|x86
		Release|Any CPU = Release|Any CPU
		Release|x64 = Release|x64
		Release|x86 = Release|x86
	EndGlobalSection
	GlobalSection(ProjectConfigurationPlatforms) = postSolution
		{AB0A97F8-32BB-409C-827F-B82E1E6DDF3A}.Debug|Any CPU.ActiveCfg = Debug|Any CPU
		{AB0A97F8-32BB-409C-827F-B82E1E6DDF3A}.Debug|Any CPU.Build.0 = Debug|Any CPU
		{AB0A97F8-32BB-409C-827F-B82E1E6DDF3A}.Debug|x64.ActiveCfg = Debug|Any CPU
		{AB0A97F8-32BB-409C-827F-B82E1E6DDF3A}.Debug|x64.Build.0 = Debug|Any CPU
		{AB0A97F8-32BB-409C-827F-B82E1E6DDF3A}.Debug|x86.ActiveCfg = Debug|Any CPU
		{AB0A97F8-32BB-409C-827F-B82E1E6DDF3A}.Debug|x86.Build.0 = Debug|Any CPU
		{AB0A97F8-32BB-409C-827F-B82E1E6DDF3A}.Release|Any CPU.ActiveCfg = Release|Any CPU
		{AB0A97F8-32BB-409C-827F-B82E1E6DDF3A}.Release|Any CPU.Build.0 = Release|Any CPU
		{AB0A97F8-32BB-409C-827F-B82E1E6DDF3A}.Release|x64.ActiveCfg = Release|Any CPU
		{AB0A97F8-32BB-409C-827F-B82E1E6DDF3A}.Release|x64.Build.0 = Release|Any CPU
		{AB0A97F8-32BB-409C-827F-B82E1E6DDF3A}.Release|x86.ActiveCfg = Release|Any CPU
		{AB0A97F8-32BB-409C-827F-B82E1E6DDF3A}.Release|x86.Build.0 = Release|Any CPU
		{9A6F98FA-BF2E-429C-BBE8-81803E3222FC}.Debug|Any CPU.ActiveCfg = Debug|Any CPU
		{9A6F98FA-BF2E-429C-BBE8-81803E3222FC}.Debug|Any CPU.Build.0 = Debug|Any CPU
		{9A6F98FA-BF2E-429C-BBE8-81803E3222FC}.Debug|x64.ActiveCfg = Debug|Any CPU
		{9A6F98FA-BF2E-429C-BBE8-81803E3222FC}.Debug|x64.Build.0 = Debug|Any CPU
		{9A6F98FA-BF2E-429C-BBE8-81803E3222FC}.Debug|x86.ActiveCfg = Debug|Any CPU
		{9A6F98FA-BF2E-429C-BBE8-81803E3222FC}.Debug|x86.Build.0 = Debug|Any CPU
		{9A6F98FA-BF2E-429C-BBE8-81803E3222FC}.Release|Any CPU.ActiveCfg = Release|Any CPU
		{9A6F98FA-BF2E-429C-BBE8-81803E3222FC}.Release|Any CPU.Build.0 = Release|Any CPU
		{9A6F98FA-BF2E-429C-BBE8-81803E3222FC}.Release|x64.ActiveCfg = Release|Any CPU
		{9A6F98FA-BF2E-429C-BBE8-81803E3222FC}.Release|x64.Build.0 = Release|Any CPU
		{9A6F98FA-BF2E-429C-BBE8-81803E3222FC}.Release|x86.ActiveCfg = Release|Any CPU
		{9A6F98FA-BF2E-429C-BBE8-81803E3222FC}.Release|x86.Build.0 = Release|Any CPU
		{03359C68-46DA-4BD8-BF48-0F819F13708B}.Debug|Any CPU.ActiveCfg = Debug|Any CPU
		{03359C68-46DA-4BD8-BF48-0F819F13708B}.Debug|Any CPU.Build.0 = Debug|Any CPU
		{03359C68-46DA-4BD8-BF48-0F819F13708B}.Debug|x64.ActiveCfg = Debug|Any CPU
		{03359C68-46DA-4BD8-BF48-0F819F13708B}.Debug|x64.Build.0 = Debug|Any CPU
		{03359C68-46DA-4BD8-BF48-0F819F13708B}.Debug|x86.ActiveCfg = Debug|Any CPU
		{03359C68-46DA-4BD8-BF48-0F819F13708B}.Debug|x86.Build.0 = Debug|Any CPU
		{03359C68-46DA-4BD8-BF48-0F819F13708B}.Release|Any CPU.ActiveCfg = Release|Any CPU
		{03359C68-46DA-4BD8-BF48-0F819F13708B}.Release|Any CPU.Build.0 = Release|Any CPU
		{03359C68-46DA-4BD8-BF48-0F819F13708B}.Release|x64.ActiveCfg = Release|Any CPU
		{03359C68-46DA-4BD8-BF48-0F819F13708B}.Release|x64.Build.0 = Release|Any CPU
		{03359C68-46DA-4BD8-BF48-0F819F13708B}.Release|x86.ActiveCfg = Release|Any CPU
		{03359C68-46DA-4BD8-BF48-0F819F13708B}.Release|x86.Build.0 = Release|Any CPU
		{03EED9DF-6C93-4450-9428-C62FECC533C6}.Debug|Any CPU.ActiveCfg = Debug|Any CPU
		{03EED9DF-6C93-4450-9428-C62FECC533C6}.Debug|Any CPU.Build.0 = Debug|Any CPU
		{03EED9DF-6C93-4450-9428-C62FECC533C6}.Debug|x64.ActiveCfg = Debug|Any CPU
		{03EED9DF-6C93-4450-9428-C62FECC533C6}.Debug|x64.Build.0 = Debug|Any CPU
		{03EED9DF-6C93-4450-9428-C62FECC533C6}.Debug|x86.ActiveCfg = Debug|Any CPU
		{03EED9DF-6C93-4450-9428-C62FECC533C6}.Debug|x86.Build.0 = Debug|Any CPU
		{03EED9DF-6C93-4450-9428-C62FECC533C6}.Release|Any CPU.ActiveCfg = Release|Any CPU
		{03EED9DF-6C93-4450-9428-C62FECC533C6}.Release|Any CPU.Build.0 = Release|Any CPU
		{03EED9DF-6C93-4450-9428-C62FECC533C6}.Release|x64.ActiveCfg = Release|Any CPU
		{03EED9DF-6C93-4450-9428-C62FECC533C6}.Release|x64.Build.0 = Release|Any CPU
		{03EED9DF-6C93-4450-9428-C62FECC533C6}.Release|x86.ActiveCfg = Release|Any CPU
		{03EED9DF-6C93-4450-9428-C62FECC533C6}.Release|x86.Build.0 = Release|Any CPU
		{ED7E4661-3361-4D52-A7F1-13261ADBF7F0}.Debug|Any CPU.ActiveCfg = Debug|Any CPU
		{ED7E4661-3361-4D52-A7F1-13261ADBF7F0}.Debug|Any CPU.Build.0 = Debug|Any CPU
		{ED7E4661-3361-4D52-A7F1-13261ADBF7F0}.Debug|x64.ActiveCfg = Debug|Any CPU
		{ED7E4661-3361-4D52-A7F1-13261ADBF7F0}.Debug|x64.Build.0 = Debug|Any CPU
		{ED7E4661-3361-4D52-A7F1-13261ADBF7F0}.Debug|x86.ActiveCfg = Debug|Any CPU
		{ED7E4661-3361-4D52-A7F1-13261ADBF7F0}.Debug|x86.Build.0 = Debug|Any CPU
		{ED7E4661-3361-4D52-A7F1-13261ADBF7F0}.Release|Any CPU.ActiveCfg = Release|Any CPU
		{ED7E4661-3361-4D52-A7F1-13261ADBF7F0}.Release|Any CPU.Build.0 = Release|Any CPU
		{ED7E4661-3361-4D52-A7F1-13261ADBF7F0}.Release|x64.ActiveCfg = Release|Any CPU
		{ED7E4661-3361-4D52-A7F1-13261ADBF7F0}.Release|x64.Build.0 = Release|Any CPU
		{ED7E4661-3361-4D52-A7F1-13261ADBF7F0}.Release|x86.ActiveCfg = Release|Any CPU
		{ED7E4661-3361-4D52-A7F1-13261ADBF7F0}.Release|x86.Build.0 = Release|Any CPU
		{FEB0D97F-C793-49D6-B183-7BD73A275ADA}.Debug|Any CPU.ActiveCfg = Debug|Any CPU
		{FEB0D97F-C793-49D6-B183-7BD73A275ADA}.Debug|Any CPU.Build.0 = Debug|Any CPU
		{FEB0D97F-C793-49D6-B183-7BD73A275ADA}.Debug|x64.ActiveCfg = Debug|Any CPU
		{FEB0D97F-C793-49D6-B183-7BD73A275ADA}.Debug|x64.Build.0 = Debug|Any CPU
		{FEB0D97F-C793-49D6-B183-7BD73A275ADA}.Debug|x86.ActiveCfg = Debug|Any CPU
		{FEB0D97F-C793-49D6-B183-7BD73A275ADA}.Debug|x86.Build.0 = Debug|Any CPU
		{FEB0D97F-C793-49D6-B183-7BD73A275ADA}.Release|Any CPU.ActiveCfg = Release|Any CPU
		{FEB0D97F-C793-49D6-B183-7BD73A275ADA}.Release|Any CPU.Build.0 = Release|Any CPU
		{FEB0D97F-C793-49D6-B183-7BD73A275ADA}.Release|x64.ActiveCfg = Release|Any CPU
		{FEB0D97F-C793-49D6-B183-7BD73A275ADA}.Release|x64.Build.0 = Release|Any CPU
		{FEB0D97F-C793-49D6-B183-7BD73A275ADA}.Release|x86.ActiveCfg = Release|Any CPU
		{FEB0D97F-C793-49D6-B183-7BD73A275ADA}.Release|x86.Build.0 = Release|Any CPU
		{DED45F7D-FF6A-4E17-80F7-DD1914FB645E}.Debug|Any CPU.ActiveCfg = Debug|Any CPU
		{DED45F7D-FF6A-4E17-80F7-DD1914FB645E}.Debug|Any CPU.Build.0 = Debug|Any CPU
		{DED45F7D-FF6A-4E17-80F7-DD1914FB645E}.Debug|x64.ActiveCfg = Debug|Any CPU
		{DED45F7D-FF6A-4E17-80F7-DD1914FB645E}.Debug|x64.Build.0 = Debug|Any CPU
		{DED45F7D-FF6A-4E17-80F7-DD1914FB645E}.Debug|x86.ActiveCfg = Debug|Any CPU
		{DED45F7D-FF6A-4E17-80F7-DD1914FB645E}.Debug|x86.Build.0 = Debug|Any CPU
		{DED45F7D-FF6A-4E17-80F7-DD1914FB645E}.Release|Any CPU.ActiveCfg = Release|Any CPU
		{DED45F7D-FF6A-4E17-80F7-DD1914FB645E}.Release|Any CPU.Build.0 = Release|Any CPU
		{DED45F7D-FF6A-4E17-80F7-DD1914FB645E}.Release|x64.ActiveCfg = Release|Any CPU
		{DED45F7D-FF6A-4E17-80F7-DD1914FB645E}.Release|x64.Build.0 = Release|Any CPU
		{DED45F7D-FF6A-4E17-80F7-DD1914FB645E}.Release|x86.ActiveCfg = Release|Any CPU
		{DED45F7D-FF6A-4E17-80F7-DD1914FB645E}.Release|x86.Build.0 = Release|Any CPU
	EndGlobalSection
	GlobalSection(SolutionProperties) = preSolution
		HideSolutionNode = FALSE
	EndGlobalSection
	GlobalSection(NestedProjects) = preSolution
		{AB0A97F8-32BB-409C-827F-B82E1E6DDF3A} = {827E0CD3-B72D-47B6-A68D-7590B98EB39B}
		{9A6F98FA-BF2E-429C-BBE8-81803E3222FC} = {827E0CD3-B72D-47B6-A68D-7590B98EB39B}
		{03359C68-46DA-4BD8-BF48-0F819F13708B} = {827E0CD3-B72D-47B6-A68D-7590B98EB39B}
		{03EED9DF-6C93-4450-9428-C62FECC533C6} = {827E0CD3-B72D-47B6-A68D-7590B98EB39B}
		{ED7E4661-3361-4D52-A7F1-13261ADBF7F0} = {827E0CD3-B72D-47B6-A68D-7590B98EB39B}
		{FEB0D97F-C793-49D6-B183-7BD73A275ADA} = {0AB3BF05-4346-4AA6-1389-037BE0695223}
		{39A19E1F-1A19-7626-C54C-6DF18F3EDFB2} = {5D20AA90-6969-D8BD-9DCD-8634F4692FDA}
		{DED45F7D-FF6A-4E17-80F7-DD1914FB645E} = {39A19E1F-1A19-7626-C54C-6DF18F3EDFB2}
	EndGlobalSection
EndGlobal
