
Microsoft Visual Studio Solution File, Format Version 12.00
# Visual Studio Version 17
VisualStudioVersion = 17.0.31903.59
MinimumVisualStudioVersion = 10.0.40219.1
Project("{2150E333-8FDC-42A3-9474-1A3956D46DE8}") = "src", "src", "{827E0CD3-B72D-47B6-A68D-7590B98EB39B}"
EndProject
Project("{FAE04EC0-301F-11D3-BF4B-00C04F79EFBC}") = "Aether.Atf.Core", "src\Aether.Atf.Core\Aether.Atf.Core.csproj", "{AB0A97F8-32BB-409C-827F-B82E1E6DDF3A}"
EndProject
Project("{FAE04EC0-301F-11D3-BF4B-00C04F79EFBC}") = "Aether.Atf.Commands", "src\Aether.Atf.Commands\Aether.Atf.Commands.csproj", "{9A6F98FA-BF2E-429C-BBE8-81803E3222FC}"
EndProject
Project("{FAE04EC0-301F-11D3-BF4B-00C04F79EFBC}") = "Aether.Atf.PropertyEditing", "src\Aether.Atf.PropertyEditing\Aether.Atf.PropertyEditing.csproj", "{03359C68-46DA-4BD8-BF48-0F819F13708B}"
EndProject
Project("{FAE04EC0-301F-11D3-BF4B-00C04F79EFBC}") = "Aether.Atf.DomGen", "src\Aether.Atf.DomGen\Aether.Atf.DomGen.csproj", "{03EED9DF-6C93-4450-9428-C62FECC533C6}"
EndProject
Project("{FAE04EC0-301F-11D3-BF4B-00C04F79EFBC}") = "Aether.Atf.DomGen.Cli", "src\Aether.Atf.DomGen.Cli\Aether.Atf.DomGen.Cli.csproj", "{ED7E4661-3361-4D52-A7F1-13261ADBF7F0}"
EndProject
Project("{2150E333-8FDC-42A3-9474-1A3956D46DE8}") = "tests", "tests", "{0AB3BF05-4346-4AA6-1389-037BE0695223}"
EndProject
Project("{FAE04EC0-301F-11D3-BF4B-00C04F79EFBC}") = "Aether.Atf.DomGen.Generated", "tests\Aether.Atf.DomGen.Generated\Aether.Atf.DomGen.Generated.csproj", "{FEB0D97F-C793-49D6-B183-7BD73A275ADA}"
EndProject
Project("{2150E333-8FDC-42A3-9474-1A3956D46DE8}") = "samples", "samples", "{5D20AA90-6969-D8BD-9DCD-8634F4692FDA}"
EndProject
Project("{2150E333-8FDC-42A3-9474-1A3956D46DE8}") = "UsingDom", "UsingDom", "{39A19E1F-1A19-7626-C54C-6DF18F3EDFB2}"
EndProject
Project("{FAE04EC0-301F-11D3-BF4B-00C04F79EFBC}") = "Aether.Samples.UsingDom", "samples\UsingDom\Aether.Samples.UsingDom.csproj", "{DED45F7D-FF6A-4E17-80F7-DD1914FB645E}"
EndProject
Project("{FAE04EC0-301F-11D3-BF4B-00C04F79EFBC}") = "Aether.Samples.UsingDom.Document", "samples\UsingDom.Document\Aether.Samples.UsingDom.Document.csproj", "{323A6E79-D71A-4CC5-8F84-01E3CCF9CBF6}"
EndProject
Project("{FAE04EC0-301F-11D3-BF4B-00C04F79EFBC}") = "Aether.Editor", "src\Aether.Editor\Aether.Editor.csproj", "{EECEA9DA-A748-4191-8EC8-1A85258E876B}"
EndProject
Project("{FAE04EC0-301F-11D3-BF4B-00C04F79EFBC}") = "Aether.Plugins", "src\Aether.Plugins\Aether.Plugins.csproj", "{D7195D4E-314F-48B3-B0F2-A274E638487D}"
EndProject
Project("{FAE04EC0-301F-11D3-BF4B-00C04F79EFBC}") = "Aether.Atf.Circuit", "src\Aether.Atf.Circuit\Aether.Atf.Circuit.csproj", "{B8E41C20-7A3F-4D91-9C12-6E5A1B8D4C20}"
EndProject
Project("{FAE04EC0-301F-11D3-BF4B-00C04F79EFBC}") = "Aether.Circuit", "src\Aether.Circuit\Aether.Circuit.csproj", "{C9F52D31-8B40-4E02-AD23-7F6B2C9E5D31}"
EndProject
Project("{FAE04EC0-301F-11D3-BF4B-00C04F79EFBC}") = "Aether.Atf.Timeline", "src\Aether.Atf.Timeline\Aether.Atf.Timeline.csproj", "{D1A62E42-9C51-4F13-BE34-8A7C3D0F6E42}"
EndProject
Project("{FAE04EC0-301F-11D3-BF4B-00C04F79EFBC}") = "Aether.Timeline", "src\Aether.Timeline\Aether.Timeline.csproj", "{E2B73F53-AD62-4014-CF45-9B8D4E1A7F53}"
EndProject
Project("{2150E333-8FDC-42A3-9474-1A3956D46DE8}") = "plugins", "plugins", "{6369E6CD-2A9A-7694-BDE4-74E752A16237}"
EndProject
Project("{FAE04EC0-301F-11D3-BF4B-00C04F79EFBC}") = "Aether.SamplePlugin", "samples\plugins\Aether.SamplePlugin\Aether.SamplePlugin.csproj", "{5714F751-9456-4E26-B809-FCB2535B8099}"
EndProject
Project("{FAE04EC0-301F-11D3-BF4B-00C04F79EFBC}") = "Aether.LevelEditor.Core", "src\Aether.LevelEditor.Core\Aether.LevelEditor.Core.csproj", "{03389EF4-AA16-40F6-9D70-2D4E7E16ECD7}"
EndProject
Project("{FAE04EC0-301F-11D3-BF4B-00C04F79EFBC}") = "Aether.Level", "src\Aether.Level\Aether.Level.csproj", "{0F085415-CAB6-464D-B248-4358B987E65E}"
EndProject
Global
	GlobalSection(SolutionConfigurationPlatforms) = preSolution
		Debug|Any CPU = Debug|Any CPU
		Debug|x64 = Debug|x64
		Debug|x86 = Debug|x86
		Release|Any CPU = Release|Any CPU
		Release|x64 = Release|x64
		Release|x86 = Release|x86
	EndGlobalSection
	GlobalSection(ProjectConfigurationPlatforms) = postSolution
		{AB0A97F8-32BB-409C-827F-B82E1E6DDF3A}.Debug|Any CPU.ActiveCfg = Debug|Any CPU
		{AB0A97F8-32BB-409C-827F-B82E1E6DDF3A}.Debug|Any CPU.Build.0 = Debug|Any CPU
		{AB0A97F8-32BB-409C-827F-B82E1E6DDF3A}.Debug|x64.ActiveCfg = Debug|Any CPU
		{AB0A97F8-32BB-409C-827F-B82E1E6DDF3A}.Debug|x64.Build.0 = Debug|Any CPU
		{AB0A97F8-32BB-409C-827F-B82E1E6DDF3A}.Debug|x86.ActiveCfg = Debug|Any CPU
		{AB0A97F8-32BB-409C-827F-B82E1E6DDF3A}.Debug|x86.Build.0 = Debug|Any CPU
		{AB0A97F8-32BB-409C-827F-B82E1E6DDF3A}.Release|Any CPU.ActiveCfg = Release|Any CPU
		{AB0A97F8-32BB-409C-827F-B82E1E6DDF3A}.Release|Any CPU.Build.0 = Release|Any CPU
		{AB0A97F8-32BB-409C-827F-B82E1E6DDF3A}.Release|x64.ActiveCfg = Release|Any CPU
		{AB0A97F8-32BB-409C-827F-B82E1E6DDF3A}.Release|x64.Build.0 = Release|Any CPU
		{AB0A97F8-32BB-409C-827F-B82E1E6DDF3A}.Release|x86.ActiveCfg = Release|Any CPU
		{AB0A97F8-32BB-409C-827F-B82E1E6DDF3A}.Release|x86.Build.0 = Release|Any CPU
		{9A6F98FA-BF2E-429C-BBE8-81803E3222FC}.Debug|Any CPU.ActiveCfg = Debug|Any CPU
		{9A6F98FA-BF2E-429C-BBE8-81803E3222FC}.Debug|Any CPU.Build.0 = Debug|Any CPU
		{9A6F98FA-BF2E-429C-BBE8-81803E3222FC}.Debug|x64.ActiveCfg = Debug|Any CPU
		{9A6F98FA-BF2E-429C-BBE8-81803E3222FC}.Debug|x64.Build.0 = Debug|Any CPU
		{9A6F98FA-BF2E-429C-BBE8-81803E3222FC}.Debug|x86.ActiveCfg = Debug|Any CPU
		{9A6F98FA-BF2E-429C-BBE8-81803E3222FC}.Debug|x86.Build.0 = Debug|Any CPU
		{9A6F98FA-BF2E-429C-BBE8-81803E3222FC}.Release|Any CPU.ActiveCfg = Release|Any CPU
		{9A6F98FA-BF2E-429C-BBE8-81803E3222FC}.Release|Any CPU.Build.0 = Release|Any CPU
		{9A6F98FA-BF2E-429C-BBE8-81803E3222FC}.Release|x64.ActiveCfg = Release|Any CPU
		{9A6F98FA-BF2E-429C-BBE8-81803E3222FC}.Release|x64.Build.0 = Release|Any CPU
		{9A6F98FA-BF2E-429C-BBE8-81803E3222FC}.Release|x86.ActiveCfg = Release|Any CPU
		{9A6F98FA-BF2E-429C-BBE8-81803E3222FC}.Release|x86.Build.0 = Release|Any CPU
		{03359C68-46DA-4BD8-BF48-0F819F13708B}.Debug|Any CPU.ActiveCfg = Debug|Any CPU
		{03359C68-46DA-4BD8-BF48-0F819F13708B}.Debug|Any CPU.Build.0 = Debug|Any CPU
		{03359C68-46DA-4BD8-BF48-0F819F13708B}.Debug|x64.ActiveCfg = Debug|Any CPU
		{03359C68-46DA-4BD8-BF48-0F819F13708B}.Debug|x64.Build.0 = Debug|Any CPU
		{03359C68-46DA-4BD8-BF48-0F819F13708B}.Debug|x86.ActiveCfg = Debug|Any CPU
		{03359C68-46DA-4BD8-BF48-0F819F13708B}.Debug|x86.Build.0 = Debug|Any CPU
		{03359C68-46DA-4BD8-BF48-0F819F13708B}.Release|Any CPU.ActiveCfg = Release|Any CPU
		{03359C68-46DA-4BD8-BF48-0F819F13708B}.Release|Any CPU.Build.0 = Release|Any CPU
		{03359C68-46DA-4BD8-BF48-0F819F13708B}.Release|x64.ActiveCfg = Release|Any CPU
		{03359C68-46DA-4BD8-BF48-0F819F13708B}.Release|x64.Build.0 = Release|Any CPU
		{03359C68-46DA-4BD8-BF48-0F819F13708B}.Release|x86.ActiveCfg = Release|Any CPU
		{03359C68-46DA-4BD8-BF48-0F819F13708B}.Release|x86.Build.0 = Release|Any CPU
		{03EED9DF-6C93-4450-9428-C62FECC533C6}.Debug|Any CPU.ActiveCfg = Debug|Any CPU
		{03EED9DF-6C93-4450-9428-C62FECC533C6}.Debug|Any CPU.Build.0 = Debug|Any CPU
		{03EED9DF-6C93-4450-9428-C62FECC533C6}.Debug|x64.ActiveCfg = Debug|Any CPU
		{03EED9DF-6C93-4450-9428-C62FECC533C6}.Debug|x64.Build.0 = Debug|Any CPU
		{03EED9DF-6C93-4450-9428-C62FECC533C6}.Debug|x86.ActiveCfg = Debug|Any CPU
		{03EED9DF-6C93-4450-9428-C62FECC533C6}.Debug|x86.Build.0 = Debug|Any CPU
		{03EED9DF-6C93-4450-9428-C62FECC533C6}.Release|Any CPU.ActiveCfg = Release|Any CPU
		{03EED9DF-6C93-4450-9428-C62FECC533C6}.Release|Any CPU.Build.0 = Release|Any CPU
		{03EED9DF-6C93-4450-9428-C62FECC533C6}.Release|x64.ActiveCfg = Release|Any CPU
		{03EED9DF-6C93-4450-9428-C62FECC533C6}.Release|x64.Build.0 = Release|Any CPU
		{03EED9DF-6C93-4450-9428-C62FECC533C6}.Release|x86.ActiveCfg = Release|Any CPU
		{03EED9DF-6C93-4450-9428-C62FECC533C6}.Release|x86.Build.0 = Release|Any CPU
		{ED7E4661-3361-4D52-A7F1-13261ADBF7F0}.Debug|Any CPU.ActiveCfg = Debug|Any CPU
		{ED7E4661-3361-4D52-A7F1-13261ADBF7F0}.Debug|Any CPU.Build.0 = Debug|Any CPU
		{ED7E4661-3361-4D52-A7F1-13261ADBF7F0}.Debug|x64.ActiveCfg = Debug|Any CPU
		{ED7E4661-3361-4D52-A7F1-13261ADBF7F0}.Debug|x64.Build.0 = Debug|Any CPU
		{ED7E4661-3361-4D52-A7F1-13261ADBF7F0}.Debug|x86.ActiveCfg = Debug|Any CPU
		{ED7E4661-3361-4D52-A7F1-13261ADBF7F0}.Debug|x86.Build.0 = Debug|Any CPU
		{ED7E4661-3361-4D52-A7F1-13261ADBF7F0}.Release|Any CPU.ActiveCfg = Release|Any CPU
		{ED7E4661-3361-4D52-A7F1-13261ADBF7F0}.Release|Any CPU.Build.0 = Release|Any CPU
		{ED7E4661-3361-4D52-A7F1-13261ADBF7F0}.Release|x64.ActiveCfg = Release|Any CPU
		{ED7E4661-3361-4D52-A7F1-13261ADBF7F0}.Release|x64.Build.0 = Release|Any CPU
		{ED7E4661-3361-4D52-A7F1-13261ADBF7F0}.Release|x86.ActiveCfg = Release|Any CPU
		{ED7E4661-3361-4D52-A7F1-13261ADBF7F0}.Release|x86.Build.0 = Release|Any CPU
		{FEB0D97F-C793-49D6-B183-7BD73A275ADA}.Debug|Any CPU.ActiveCfg = Debug|Any CPU
		{FEB0D97F-C793-49D6-B183-7BD73A275ADA}.Debug|Any CPU.Build.0 = Debug|Any CPU
		{FEB0D97F-C793-49D6-B183-7BD73A275ADA}.Debug|x64.ActiveCfg = Debug|Any CPU
		{FEB0D97F-C793-49D6-B183-7BD73A275ADA}.Debug|x64.Build.0 = Debug|Any CPU
		{FEB0D97F-C793-49D6-B183-7BD73A275ADA}.Debug|x86.ActiveCfg = Debug|Any CPU
		{FEB0D97F-C793-49D6-B183-7BD73A275ADA}.Debug|x86.Build.0 = Debug|Any CPU
		{FEB0D97F-C793-49D6-B183-7BD73A275ADA}.Release|Any CPU.ActiveCfg = Release|Any CPU
		{FEB0D97F-C793-49D6-B183-7BD73A275ADA}.Release|Any CPU.Build.0 = Release|Any CPU
		{FEB0D97F-C793-49D6-B183-7BD73A275ADA}.Release|x64.ActiveCfg = Release|Any CPU
		{FEB0D97F-C793-49D6-B183-7BD73A275ADA}.Release|x64.Build.0 = Release|Any CPU
		{FEB0D97F-C793-49D6-B183-7BD73A275ADA}.Release|x86.ActiveCfg = Release|Any CPU
		{FEB0D97F-C793-49D6-B183-7BD73A275ADA}.Release|x86.Build.0 = Release|Any CPU
		{DED45F7D-FF6A-4E17-80F7-DD1914FB645E}.Debug|Any CPU.ActiveCfg = Debug|Any CPU
		{DED45F7D-FF6A-4E17-80F7-DD1914FB645E}.Debug|Any CPU.Build.0 = Debug|Any CPU
		{DED45F7D-FF6A-4E17-80F7-DD1914FB645E}.Debug|x64.ActiveCfg = Debug|Any CPU
		{DED45F7D-FF6A-4E17-80F7-DD1914FB645E}.Debug|x64.Build.0 = Debug|Any CPU
		{DED45F7D-FF6A-4E17-80F7-DD1914FB645E}.Debug|x86.ActiveCfg = Debug|Any CPU
		{DED45F7D-FF6A-4E17-80F7-DD1914FB645E}.Debug|x86.Build.0 = Debug|Any CPU
		{DED45F7D-FF6A-4E17-80F7-DD1914FB645E}.Release|Any CPU.ActiveCfg = Release|Any CPU
		{DED45F7D-FF6A-4E17-80F7-DD1914FB645E}.Release|Any CPU.Build.0 = Release|Any CPU
		{DED45F7D-FF6A-4E17-80F7-DD1914FB645E}.Release|x64.ActiveCfg = Release|Any CPU
		{DED45F7D-FF6A-4E17-80F7-DD1914FB645E}.Release|x64.Build.0 = Release|Any CPU
		{DED45F7D-FF6A-4E17-80F7-DD1914FB645E}.Release|x86.ActiveCfg = Release|Any CPU
		{DED45F7D-FF6A-4E17-80F7-DD1914FB645E}.Release|x86.Build.0 = Release|Any CPU
		{323A6E79-D71A-4CC5-8F84-01E3CCF9CBF6}.Debug|Any CPU.ActiveCfg = Debug|Any CPU
		{323A6E79-D71A-4CC5-8F84-01E3CCF9CBF6}.Debug|Any CPU.Build.0 = Debug|Any CPU
		{323A6E79-D71A-4CC5-8F84-01E3CCF9CBF6}.Debug|x64.ActiveCfg = Debug|Any CPU
		{323A6E79-D71A-4CC5-8F84-01E3CCF9CBF6}.Debug|x64.Build.0 = Debug|Any CPU
		{323A6E79-D71A-4CC5-8F84-01E3CCF9CBF6}.Debug|x86.ActiveCfg = Debug|Any CPU
		{323A6E79-D71A-4CC5-8F84-01E3CCF9CBF6}.Debug|x86.Build.0 = Debug|Any CPU
		{323A6E79-D71A-4CC5-8F84-01E3CCF9CBF6}.Release|Any CPU.ActiveCfg = Release|Any CPU
		{323A6E79-D71A-4CC5-8F84-01E3CCF9CBF6}.Release|Any CPU.Build.0 = Release|Any CPU
		{323A6E79-D71A-4CC5-8F84-01E3CCF9CBF6}.Release|x64.ActiveCfg = Release|Any CPU
		{323A6E79-D71A-4CC5-8F84-01E3CCF9CBF6}.Release|x64.Build.0 = Release|Any CPU
		{323A6E79-D71A-4CC5-8F84-01E3CCF9CBF6}.Release|x86.ActiveCfg = Release|Any CPU
		{323A6E79-D71A-4CC5-8F84-01E3CCF9CBF6}.Release|x86.Build.0 = Release|Any CPU
		{EECEA9DA-A748-4191-8EC8-1A85258E876B}.Debug|Any CPU.ActiveCfg = Debug|Any CPU
		{EECEA9DA-A748-4191-8EC8-1A85258E876B}.Debug|Any CPU.Build.0 = Debug|Any CPU
		{EECEA9DA-A748-4191-8EC8-1A85258E876B}.Debug|x64.ActiveCfg = Debug|Any CPU
		{EECEA9DA-A748-4191-8EC8-1A85258E876B}.Debug|x64.Build.0 = Debug|Any CPU
		{EECEA9DA-A748-4191-8EC8-1A85258E876B}.Debug|x86.ActiveCfg = Debug|Any CPU
		{EECEA9DA-A748-4191-8EC8-1A85258E876B}.Debug|x86.Build.0 = Debug|Any CPU
		{EECEA9DA-A748-4191-8EC8-1A85258E876B}.Release|Any CPU.ActiveCfg = Release|Any CPU
		{EECEA9DA-A748-4191-8EC8-1A85258E876B}.Release|Any CPU.Build.0 = Release|Any CPU
		{EECEA9DA-A748-4191-8EC8-1A85258E876B}.Release|x64.ActiveCfg = Release|Any CPU
		{EECEA9DA-A748-4191-8EC8-1A85258E876B}.Release|x64.Build.0 = Release|Any CPU
		{EECEA9DA-A748-4191-8EC8-1A85258E876B}.Release|x86.ActiveCfg = Release|Any CPU
		{EECEA9DA-A748-4191-8EC8-1A85258E876B}.Release|x86.Build.0 = Release|Any CPU
		{D7195D4E-314F-48B3-B0F2-A274E638487D}.Debug|Any CPU.ActiveCfg = Debug|Any CPU
		{D7195D4E-314F-48B3-B0F2-A274E638487D}.Debug|Any CPU.Build.0 = Debug|Any CPU
		{D7195D4E-314F-48B3-B0F2-A274E638487D}.Debug|x64.ActiveCfg = Debug|Any CPU
		{D7195D4E-314F-48B3-B0F2-A274E638487D}.Debug|x64.Build.0 = Debug|Any CPU
		{D7195D4E-314F-48B3-B0F2-A274E638487D}.Debug|x86.ActiveCfg = Debug|Any CPU
		{D7195D4E-314F-48B3-B0F2-A274E638487D}.Debug|x86.Build.0 = Debug|Any CPU
		{D7195D4E-314F-48B3-B0F2-A274E638487D}.Release|Any CPU.ActiveCfg = Release|Any CPU
		{D7195D4E-314F-48B3-B0F2-A274E638487D}.Release|Any CPU.Build.0 = Release|Any CPU
		{D7195D4E-314F-48B3-B0F2-A274E638487D}.Release|x64.ActiveCfg = Release|Any CPU
		{D7195D4E-314F-48B3-B0F2-A274E638487D}.Release|x64.Build.0 = Release|Any CPU
		{D7195D4E-314F-48B3-B0F2-A274E638487D}.Release|x86.ActiveCfg = Release|Any CPU
		{D7195D4E-314F-48B3-B0F2-A274E638487D}.Release|x86.Build.0 = Release|Any CPU
		{B8E41C20-7A3F-4D91-9C12-6E5A1B8D4C20}.Debug|Any CPU.ActiveCfg = Debug|Any CPU
		{B8E41C20-7A3F-4D91-9C12-6E5A1B8D4C20}.Debug|Any CPU.Build.0 = Debug|Any CPU
		{B8E41C20-7A3F-4D91-9C12-6E5A1B8D4C20}.Debug|x64.ActiveCfg = Debug|Any CPU
		{B8E41C20-7A3F-4D91-9C12-6E5A1B8D4C20}.Debug|x64.Build.0 = Debug|Any CPU
		{B8E41C20-7A3F-4D91-9C12-6E5A1B8D4C20}.Debug|x86.ActiveCfg = Debug|Any CPU
		{B8E41C20-7A3F-4D91-9C12-6E5A1B8D4C20}.Debug|x86.Build.0 = Debug|Any CPU
		{B8E41C20-7A3F-4D91-9C12-6E5A1B8D4C20}.Release|Any CPU.ActiveCfg = Release|Any CPU
		{B8E41C20-7A3F-4D91-9C12-6E5A1B8D4C20}.Release|Any CPU.Build.0 = Release|Any CPU
		{B8E41C20-7A3F-4D91-9C12-6E5A1B8D4C20}.Release|x64.ActiveCfg = Release|Any CPU
		{B8E41C20-7A3F-4D91-9C12-6E5A1B8D4C20}.Release|x64.Build.0 = Release|Any CPU
		{B8E41C20-7A3F-4D91-9C12-6E5A1B8D4C20}.Release|x86.ActiveCfg = Release|Any CPU
		{B8E41C20-7A3F-4D91-9C12-6E5A1B8D4C20}.Release|x86.Build.0 = Release|Any CPU
		{C9F52D31-8B40-4E02-AD23-7F6B2C9E5D31}.Debug|Any CPU.ActiveCfg = Debug|Any CPU
		{C9F52D31-8B40-4E02-AD23-7F6B2C9E5D31}.Debug|Any CPU.Build.0 = Debug|Any CPU
		{C9F52D31-8B40-4E02-AD23-7F6B2C9E5D31}.Debug|x64.ActiveCfg = Debug|Any CPU
		{C9F52D31-8B40-4E02-AD23-7F6B2C9E5D31}.Debug|x64.Build.0 = Debug|Any CPU
		{C9F52D31-8B40-4E02-AD23-7F6B2C9E5D31}.Debug|x86.ActiveCfg = Debug|Any CPU
		{C9F52D31-8B40-4E02-AD23-7F6B2C9E5D31}.Debug|x86.Build.0 = Debug|Any CPU
		{C9F52D31-8B40-4E02-AD23-7F6B2C9E5D31}.Release|Any CPU.ActiveCfg = Release|Any CPU
		{C9F52D31-8B40-4E02-AD23-7F6B2C9E5D31}.Release|Any CPU.Build.0 = Release|Any CPU
		{C9F52D31-8B40-4E02-AD23-7F6B2C9E5D31}.Release|x64.ActiveCfg = Release|Any CPU
		{C9F52D31-8B40-4E02-AD23-7F6B2C9E5D31}.Release|x64.Build.0 = Release|Any CPU
		{C9F52D31-8B40-4E02-AD23-7F6B2C9E5D31}.Release|x86.ActiveCfg = Release|Any CPU
		{C9F52D31-8B40-4E02-AD23-7F6B2C9E5D31}.Release|x86.Build.0 = Release|Any CPU
		{D1A62E42-9C51-4F13-BE34-8A7C3D0F6E42}.Debug|Any CPU.ActiveCfg = Debug|Any CPU
		{D1A62E42-9C51-4F13-BE34-8A7C3D0F6E42}.Debug|Any CPU.Build.0 = Debug|Any CPU
		{D1A62E42-9C51-4F13-BE34-8A7C3D0F6E42}.Debug|x64.ActiveCfg = Debug|Any CPU
		{D1A62E42-9C51-4F13-BE34-8A7C3D0F6E42}.Debug|x64.Build.0 = Debug|Any CPU
		{D1A62E42-9C51-4F13-BE34-8A7C3D0F6E42}.Debug|x86.ActiveCfg = Debug|Any CPU
		{D1A62E42-9C51-4F13-BE34-8A7C3D0F6E42}.Debug|x86.Build.0 = Debug|Any CPU
		{D1A62E42-9C51-4F13-BE34-8A7C3D0F6E42}.Release|Any CPU.ActiveCfg = Release|Any CPU
		{D1A62E42-9C51-4F13-BE34-8A7C3D0F6E42}.Release|Any CPU.Build.0 = Release|Any CPU
		{D1A62E42-9C51-4F13-BE34-8A7C3D0F6E42}.Release|x64.ActiveCfg = Release|Any CPU
		{D1A62E42-9C51-4F13-BE34-8A7C3D0F6E42}.Release|x64.Build.0 = Release|Any CPU
		{D1A62E42-9C51-4F13-BE34-8A7C3D0F6E42}.Release|x86.ActiveCfg = Release|Any CPU
		{D1A62E42-9C51-4F13-BE34-8A7C3D0F6E42}.Release|x86.Build.0 = Release|Any CPU
		{E2B73F53-AD62-4014-CF45-9B8D4E1A7F53}.Debug|Any CPU.ActiveCfg = Debug|Any CPU
		{E2B73F53-AD62-4014-CF45-9B8D4E1A7F53}.Debug|Any CPU.Build.0 = Debug|Any CPU
		{E2B73F53-AD62-4014-CF45-9B8D4E1A7F53}.Debug|x64.ActiveCfg = Debug|Any CPU
		{E2B73F53-AD62-4014-CF45-9B8D4E1A7F53}.Debug|x64.Build.0 = Debug|Any CPU
		{E2B73F53-AD62-4014-CF45-9B8D4E1A7F53}.Debug|x86.ActiveCfg = Debug|Any CPU
		{E2B73F53-AD62-4014-CF45-9B8D4E1A7F53}.Debug|x86.Build.0 = Debug|Any CPU
		{E2B73F53-AD62-4014-CF45-9B8D4E1A7F53}.Release|Any CPU.ActiveCfg = Release|Any CPU
		{E2B73F53-AD62-4014-CF45-9B8D4E1A7F53}.Release|Any CPU.Build.0 = Release|Any CPU
		{E2B73F53-AD62-4014-CF45-9B8D4E1A7F53}.Release|x64.ActiveCfg = Release|Any CPU
		{E2B73F53-AD62-4014-CF45-9B8D4E1A7F53}.Release|x64.Build.0 = Release|Any CPU
		{E2B73F53-AD62-4014-CF45-9B8D4E1A7F53}.Release|x86.ActiveCfg = Release|Any CPU
		{E2B73F53-AD62-4014-CF45-9B8D4E1A7F53}.Release|x86.Build.0 = Release|Any CPU
		{5714F751-9456-4E26-B809-FCB2535B8099}.Debug|Any CPU.ActiveCfg = Debug|Any CPU
		{5714F751-9456-4E26-B809-FCB2535B8099}.Debug|Any CPU.Build.0 = Debug|Any CPU
		{5714F751-9456-4E26-B809-FCB2535B8099}.Debug|x64.ActiveCfg = Debug|Any CPU
		{5714F751-9456-4E26-B809-FCB2535B8099}.Debug|x64.Build.0 = Debug|Any CPU
		{5714F751-9456-4E26-B809-FCB2535B8099}.Debug|x86.ActiveCfg = Debug|Any CPU
		{5714F751-9456-4E26-B809-FCB2535B8099}.Debug|x86.Build.0 = Debug|Any CPU
		{5714F751-9456-4E26-B809-FCB2535B8099}.Release|Any CPU.ActiveCfg = Release|Any CPU
		{5714F751-9456-4E26-B809-FCB2535B8099}.Release|Any CPU.Build.0 = Release|Any CPU
		{5714F751-9456-4E26-B809-FCB2535B8099}.Release|x64.ActiveCfg = Release|Any CPU
		{5714F751-9456-4E26-B809-FCB2535B8099}.Release|x64.Build.0 = Release|Any CPU
		{5714F751-9456-4E26-B809-FCB2535B8099}.Release|x86.ActiveCfg = Release|Any CPU
		{5714F751-9456-4E26-B809-FCB2535B8099}.Release|x86.Build.0 = Release|Any CPU
		{03389EF4-AA16-40F6-9D70-2D4E7E16ECD7}.Debug|Any CPU.ActiveCfg = Debug|Any CPU
		{03389EF4-AA16-40F6-9D70-2D4E7E16ECD7}.Debug|Any CPU.Build.0 = Debug|Any CPU
		{03389EF4-AA16-40F6-9D70-2D4E7E16ECD7}.Debug|x64.ActiveCfg = Debug|Any CPU
		{03389EF4-AA16-40F6-9D70-2D4E7E16ECD7}.Debug|x64.Build.0 = Debug|Any CPU
		{03389EF4-AA16-40F6-9D70-2D4E7E16ECD7}.Debug|x86.ActiveCfg = Debug|Any CPU
		{03389EF4-AA16-40F6-9D70-2D4E7E16ECD7}.Debug|x86.Build.0 = Debug|Any CPU
		{03389EF4-AA16-40F6-9D70-2D4E7E16ECD7}.Release|Any CPU.ActiveCfg = Release|Any CPU
		{03389EF4-AA16-40F6-9D70-2D4E7E16ECD7}.Release|Any CPU.Build.0 = Release|Any CPU
		{03389EF4-AA16-40F6-9D70-2D4E7E16ECD7}.Release|x64.ActiveCfg = Release|Any CPU
		{03389EF4-AA16-40F6-9D70-2D4E7E16ECD7}.Release|x64.Build.0 = Release|Any CPU
		{03389EF4-AA16-40F6-9D70-2D4E7E16ECD7}.Release|x86.ActiveCfg = Release|Any CPU
		{03389EF4-AA16-40F6-9D70-2D4E7E16ECD7}.Release|x86.Build.0 = Release|Any CPU
		{0F085415-CAB6-464D-B248-4358B987E65E}.Debug|Any CPU.ActiveCfg = Debug|Any CPU
		{0F085415-CAB6-464D-B248-4358B987E65E}.Debug|Any CPU.Build.0 = Debug|Any CPU
		{0F085415-CAB6-464D-B248-4358B987E65E}.Debug|x64.ActiveCfg = Debug|Any CPU
		{0F085415-CAB6-464D-B248-4358B987E65E}.Debug|x64.Build.0 = Debug|Any CPU
		{0F085415-CAB6-464D-B248-4358B987E65E}.Debug|x86.ActiveCfg = Debug|Any CPU
		{0F085415-CAB6-464D-B248-4358B987E65E}.Debug|x86.Build.0 = Debug|Any CPU
		{0F085415-CAB6-464D-B248-4358B987E65E}.Release|Any CPU.ActiveCfg = Release|Any CPU
		{0F085415-CAB6-464D-B248-4358B987E65E}.Release|Any CPU.Build.0 = Release|Any CPU
		{0F085415-CAB6-464D-B248-4358B987E65E}.Release|x64.ActiveCfg = Release|Any CPU
		{0F085415-CAB6-464D-B248-4358B987E65E}.Release|x64.Build.0 = Release|Any CPU
		{0F085415-CAB6-464D-B248-4358B987E65E}.Release|x86.ActiveCfg = Release|Any CPU
		{0F085415-CAB6-464D-B248-4358B987E65E}.Release|x86.Build.0 = Release|Any CPU
	EndGlobalSection
	GlobalSection(SolutionProperties) = preSolution
		HideSolutionNode = FALSE
	EndGlobalSection
	GlobalSection(NestedProjects) = preSolution
		{AB0A97F8-32BB-409C-827F-B82E1E6DDF3A} = {827E0CD3-B72D-47B6-A68D-7590B98EB39B}
		{9A6F98FA-BF2E-429C-BBE8-81803E3222FC} = {827E0CD3-B72D-47B6-A68D-7590B98EB39B}
		{03359C68-46DA-4BD8-BF48-0F819F13708B} = {827E0CD3-B72D-47B6-A68D-7590B98EB39B}
		{03EED9DF-6C93-4450-9428-C62FECC533C6} = {827E0CD3-B72D-47B6-A68D-7590B98EB39B}
		{ED7E4661-3361-4D52-A7F1-13261ADBF7F0} = {827E0CD3-B72D-47B6-A68D-7590B98EB39B}
		{FEB0D97F-C793-49D6-B183-7BD73A275ADA} = {0AB3BF05-4346-4AA6-1389-037BE0695223}
		{39A19E1F-1A19-7626-C54C-6DF18F3EDFB2} = {5D20AA90-6969-D8BD-9DCD-8634F4692FDA}
		{DED45F7D-FF6A-4E17-80F7-DD1914FB645E} = {39A19E1F-1A19-7626-C54C-6DF18F3EDFB2}
		{323A6E79-D71A-4CC5-8F84-01E3CCF9CBF6} = {39A19E1F-1A19-7626-C54C-6DF18F3EDFB2}
		{EECEA9DA-A748-4191-8EC8-1A85258E876B} = {827E0CD3-B72D-47B6-A68D-7590B98EB39B}
		{D7195D4E-314F-48B3-B0F2-A274E638487D} = {827E0CD3-B72D-47B6-A68D-7590B98EB39B}
		{B8E41C20-7A3F-4D91-9C12-6E5A1B8D4C20} = {827E0CD3-B72D-47B6-A68D-7590B98EB39B}
		{C9F52D31-8B40-4E02-AD23-7F6B2C9E5D31} = {827E0CD3-B72D-47B6-A68D-7590B98EB39B}
		{D1A62E42-9C51-4F13-BE34-8A7C3D0F6E42} = {827E0CD3-B72D-47B6-A68D-7590B98EB39B}
		{E2B73F53-AD62-4014-CF45-9B8D4E1A7F53} = {827E0CD3-B72D-47B6-A68D-7590B98EB39B}
		{6369E6CD-2A9A-7694-BDE4-74E752A16237} = {5D20AA90-6969-D8BD-9DCD-8634F4692FDA}
		{5714F751-9456-4E26-B809-FCB2535B8099} = {6369E6CD-2A9A-7694-BDE4-74E752A16237}
		{03389EF4-AA16-40F6-9D70-2D4E7E16ECD7} = {827E0CD3-B72D-47B6-A68D-7590B98EB39B}
		{0F085415-CAB6-464D-B248-4358B987E65E} = {827E0CD3-B72D-47B6-A68D-7590B98EB39B}
	EndGlobalSection
EndGlobal
